
Microsoft Visual Studio Solution File, Format Version 12.00
# Visual Studio Version 16
VisualStudioVersion = 16.0.29009.5
MinimumVisualStudioVersion = 10.0.40219.1
Project("{9A19103F-16F7-4668-BE54-9A1E7A4F7556}") = "LazyConditions", "LazyConditions.csproj", "{D4586DE1-ED9A-4C22-A49D-6309AC889381}"
EndProject
Project("{FAE04EC0-301F-11D3-BF4B-00C04F79EFBC}") = "Samples", "..\Samples\Samples.csproj", "{630E528B-AEEA-4244-AB13-CCAC456B7C47}"
EndProject
Global
	GlobalSection(SolutionConfigurationPlatforms) = preSolution
		Debug|Any CPU = Debug|Any CPU
		Release|Any CPU = Release|Any CPU
	EndGlobalSection
	GlobalSection(ProjectConfigurationPlatforms) = postSolution
		{D4586DE1-ED9A-4C22-A49D-6309AC889381}.Debug|Any CPU.ActiveCfg = Debug|Any CPU
		{D4586DE1-ED9A-4C22-A49D-6309AC889381}.Debug|Any CPU.Build.0 = Debug|Any CPU
		{D4586DE1-ED9A-4C22-A49D-6309AC889381}.Release|Any CPU.ActiveCfg = Release|Any CPU
		{D4586DE1-ED9A-4C22-A49D-6309AC889381}.Release|Any CPU.Build.0 = Release|Any CPU
		{630E528B-AEEA-4244-AB13-CCAC456B7C47}.Debug|Any CPU.ActiveCfg = Debug|Any CPU
		{630E528B-AEEA-4244-AB13-CCAC456B7C47}.Debug|Any CPU.Build.0 = Debug|Any CPU
		{630E528B-AEEA-4244-AB13-CCAC456B7C47}.Release|Any CPU.ActiveCfg = Release|Any CPU
		{630E528B-AEEA-4244-AB13-CCAC456B7C47}.Release|Any CPU.Build.0 = Release|Any CPU
	EndGlobalSection
	GlobalSection(SolutionProperties) = preSolution
		HideSolutionNode = FALSE
	EndGlobalSection
	GlobalSection(ExtensibilityGlobals) = postSolution
		SolutionGuid = {24D27775-1B25-4289-AF70-9EF67C6DAED4}
	EndGlobalSection
EndGlobal
